
Microsoft Visual Studio Solution File, Format Version 12.00
# Visual Studio Version 17
VisualStudioVersion = 17.14.36401.2 d17.14
MinimumVisualStudioVersion = 10.0.40219.1
Project("{FAE04EC0-301F-11D3-BF4B-00C04F79EFBC}") = "CMPG223_HomelessShelter", "CMPG223_HomelessShelter\CMPG223_HomelessShelter.csproj", "{81FE845D-EA84-45D3-9E00-977AE171EA1A}"
EndProject
Global
	GlobalSection(SolutionConfigurationPlatforms) = preSolution
		Debug|Any CPU = Debug|Any CPU
		Release|Any CPU = Release|Any CPU
	EndGlobalSection
	GlobalSection(ProjectConfigurationPlatforms) = postSolution
		{81FE845D-EA84-45D3-9E00-977AE171EA1A}.Debug|Any CPU.ActiveCfg = Debug|Any CPU
		{81FE845D-EA84-45D3-9E00-977AE171EA1A}.Debug|Any CPU.Build.0 = Debug|Any CPU
		{81FE845D-EA84-45D3-9E00-977AE171EA1A}.Release|Any CPU.ActiveCfg = Release|Any CPU
		{81FE845D-EA84-45D3-9E00-977AE171EA1A}.Release|Any CPU.Build.0 = Release|Any CPU
	EndGlobalSection
	GlobalSection(SolutionProperties) = preSolution
		HideSolutionNode = FALSE
	EndGlobalSection
	GlobalSection(ExtensibilityGlobals) = postSolution
		SolutionGuid = {05098F42-3B31-424C-913A-33F7BF835481}
	EndGlobalSection
EndGlobal
